Microsoft Visual Studio Solution File, Format Version 12.00
# Visual Studio 2013
Project("{8BC9CEB8-8B4A-11D0-8D11-00A0C91BC942}") = "ALL_BUILD", "ALL_BUILD.vcxproj", "{8691A69C-93E1-4499-8148-7AC548C22EC6}"
	ProjectSection(ProjectDependencies) = postProject
		{77DEE3BD-3452-4F5A-826F-C314C824C5F5} = {77DEE3BD-3452-4F5A-826F-C314C824C5F5}
	EndProjectSection
EndProject
Project("{8BC9CEB8-8B4A-11D0-8D11-00A0C91BC942}") = "INSTALL", "INSTALL.vcxproj", "{829DF913-F708-490D-86A4-4C79D8112736}"
	ProjectSection(ProjectDependencies) = postProject
		{8691A69C-93E1-4499-8148-7AC548C22EC6} = {8691A69C-93E1-4499-8148-7AC548C22EC6}
	EndProjectSection
EndProject
Project("{8BC9CEB8-8B4A-11D0-8D11-00A0C91BC942}") = "PACKAGE", "PACKAGE.vcxproj", "{DFF6F0FF-03D8-4172-8C08-81F5919937A9}"
	ProjectSection(ProjectDependencies) = postProject
		{8691A69C-93E1-4499-8148-7AC548C22EC6} = {8691A69C-93E1-4499-8148-7AC548C22EC6}
	EndProjectSection
EndProject
Project("{8BC9CEB8-8B4A-11D0-8D11-00A0C91BC942}") = "ZERO_CHECK", "..\..\ZERO_CHECK.vcxproj", "{57A0DFB6-9C9F-4F30-83EF-87E91437648E}"
	ProjectSection(ProjectDependencies) = postProject
	EndProjectSection
EndProject
Project("{8BC9CEB8-8B4A-11D0-8D11-00A0C91BC942}") = "osgEarth", "..\osgEarth\osgEarth.vcxproj", "{8989B1A1-789C-4DF0-AC3A-D75FDD59F883}"
	ProjectSection(ProjectDependencies) = postProject
		{57A0DFB6-9C9F-4F30-83EF-87E91437648E} = {57A0DFB6-9C9F-4F30-83EF-87E91437648E}
	EndProjectSection
EndProject
Project("{8BC9CEB8-8B4A-11D0-8D11-00A0C91BC942}") = "osgEarthAnnotation", "..\osgEarthAnnotation\osgEarthAnnotation.vcxproj", "{A16E8D04-7FEB-4513-A283-C70FFB545F99}"
	ProjectSection(ProjectDependencies) = postProject
		{57A0DFB6-9C9F-4F30-83EF-87E91437648E} = {57A0DFB6-9C9F-4F30-83EF-87E91437648E}
		{8989B1A1-789C-4DF0-AC3A-D75FDD59F883} = {8989B1A1-789C-4DF0-AC3A-D75FDD59F883}
		{3D06BCF4-F288-4B19-B80A-226D5B6797AA} = {3D06BCF4-F288-4B19-B80A-226D5B6797AA}
		{957AA7BA-C84A-4344-8D5A-2F2A326D128D} = {957AA7BA-C84A-4344-8D5A-2F2A326D128D}
	EndProjectSection
EndProject
Project("{8BC9CEB8-8B4A-11D0-8D11-00A0C91BC942}") = "osgEarthFeatures", "..\osgEarthFeatures\osgEarthFeatures.vcxproj", "{3D06BCF4-F288-4B19-B80A-226D5B6797AA}"
	ProjectSection(ProjectDependencies) = postProject
		{57A0DFB6-9C9F-4F30-83EF-87E91437648E} = {57A0DFB6-9C9F-4F30-83EF-87E91437648E}
		{8989B1A1-789C-4DF0-AC3A-D75FDD59F883} = {8989B1A1-789C-4DF0-AC3A-D75FDD59F883}
		{957AA7BA-C84A-4344-8D5A-2F2A326D128D} = {957AA7BA-C84A-4344-8D5A-2F2A326D128D}
	EndProjectSection
EndProject
Project("{8BC9CEB8-8B4A-11D0-8D11-00A0C91BC942}") = "osgEarthSymbology", "..\osgEarthSymbology\osgEarthSymbology.vcxproj", "{957AA7BA-C84A-4344-8D5A-2F2A326D128D}"
	ProjectSection(ProjectDependencies) = postProject
		{57A0DFB6-9C9F-4F30-83EF-87E91437648E} = {57A0DFB6-9C9F-4F30-83EF-87E91437648E}
		{8989B1A1-789C-4DF0-AC3A-D75FDD59F883} = {8989B1A1-789C-4DF0-AC3A-D75FDD59F883}
	EndProjectSection
EndProject
Project("{8BC9CEB8-8B4A-11D0-8D11-00A0C91BC942}") = "osgEarthUtil", "..\osgEarthUtil\osgEarthUtil.vcxproj", "{7D87F952-0B06-4A5C-BC83-466024210D0F}"
	ProjectSection(ProjectDependencies) = postProject
		{57A0DFB6-9C9F-4F30-83EF-87E91437648E} = {57A0DFB6-9C9F-4F30-83EF-87E91437648E}
		{8989B1A1-789C-4DF0-AC3A-D75FDD59F883} = {8989B1A1-789C-4DF0-AC3A-D75FDD59F883}
		{A16E8D04-7FEB-4513-A283-C70FFB545F99} = {A16E8D04-7FEB-4513-A283-C70FFB545F99}
		{3D06BCF4-F288-4B19-B80A-226D5B6797AA} = {3D06BCF4-F288-4B19-B80A-226D5B6797AA}
		{957AA7BA-C84A-4344-8D5A-2F2A326D128D} = {957AA7BA-C84A-4344-8D5A-2F2A326D128D}
	EndProjectSection
EndProject
Project("{8BC9CEB8-8B4A-11D0-8D11-00A0C91BC942}") = "test_osgEarth_tests", "osgEarth_tests\test_osgEarth_tests.vcxproj", "{77DEE3BD-3452-4F5A-826F-C314C824C5F5}"
	ProjectSection(ProjectDependencies) = postProject
		{57A0DFB6-9C9F-4F30-83EF-87E91437648E} = {57A0DFB6-9C9F-4F30-83EF-87E91437648E}
		{8989B1A1-789C-4DF0-AC3A-D75FDD59F883} = {8989B1A1-789C-4DF0-AC3A-D75FDD59F883}
		{A16E8D04-7FEB-4513-A283-C70FFB545F99} = {A16E8D04-7FEB-4513-A283-C70FFB545F99}
		{3D06BCF4-F288-4B19-B80A-226D5B6797AA} = {3D06BCF4-F288-4B19-B80A-226D5B6797AA}
		{957AA7BA-C84A-4344-8D5A-2F2A326D128D} = {957AA7BA-C84A-4344-8D5A-2F2A326D128D}
		{7D87F952-0B06-4A5C-BC83-466024210D0F} = {7D87F952-0B06-4A5C-BC83-466024210D0F}
	EndProjectSection
EndProject
Project("{2150E333-8FDC-42A3-9474-1A3956D46DE8}") = "CMake Targets", "CMake Targets", "{E9551671-0A8B-47CF-A41F-874B60232235}"
EndProject
Project("{2150E333-8FDC-42A3-9474-1A3956D46DE8}") = "Core", "Core", "{DDB4D260-B6B5-4F96-A0BE-CE808A634844}"
EndProject
Project("{2150E333-8FDC-42A3-9474-1A3956D46DE8}") = "Tests", "Tests", "{19BC6A4B-4DF8-459D-947B-87684A5B2B7E}"
EndProject
Global
	GlobalSection(SolutionConfigurationPlatforms) = preSolution
		Debug|Win32 = Debug|Win32
		Release|Win32 = Release|Win32
		MinSizeRel|Win32 = MinSizeRel|Win32
		RelWithDebInfo|Win32 = RelWithDebInfo|Win32
	EndGlobalSection
	GlobalSection(ProjectConfigurationPlatforms) = postSolution
		{8691A69C-93E1-4499-8148-7AC548C22EC6}.Debug|Win32.ActiveCfg = Debug|Win32
		{8691A69C-93E1-4499-8148-7AC548C22EC6}.Debug|Win32.Build.0 = Debug|Win32
		{8691A69C-93E1-4499-8148-7AC548C22EC6}.Release|Win32.ActiveCfg = Release|Win32
		{8691A69C-93E1-4499-8148-7AC548C22EC6}.Release|Win32.Build.0 = Release|Win32
		{8691A69C-93E1-4499-8148-7AC548C22EC6}.MinSizeRel|Win32.ActiveCfg = MinSizeRel|Win32
		{8691A69C-93E1-4499-8148-7AC548C22EC6}.MinSizeRel|Win32.Build.0 = MinSizeRel|Win32
		{8691A69C-93E1-4499-8148-7AC548C22EC6}.RelWithDebInfo|Win32.ActiveCfg = RelWithDebInfo|Win32
		{8691A69C-93E1-4499-8148-7AC548C22EC6}.RelWithDebInfo|Win32.Build.0 = RelWithDebInfo|Win32
		{829DF913-F708-490D-86A4-4C79D8112736}.Debug|Win32.ActiveCfg = Debug|Win32
		{829DF913-F708-490D-86A4-4C79D8112736}.Release|Win32.ActiveCfg = Release|Win32
		{829DF913-F708-490D-86A4-4C79D8112736}.MinSizeRel|Win32.ActiveCfg = MinSizeRel|Win32
		{829DF913-F708-490D-86A4-4C79D8112736}.RelWithDebInfo|Win32.ActiveCfg = RelWithDebInfo|Win32
		{DFF6F0FF-03D8-4172-8C08-81F5919937A9}.Debug|Win32.ActiveCfg = Debug|Win32
		{DFF6F0FF-03D8-4172-8C08-81F5919937A9}.Release|Win32.ActiveCfg = Release|Win32
		{DFF6F0FF-03D8-4172-8C08-81F5919937A9}.MinSizeRel|Win32.ActiveCfg = MinSizeRel|Win32
		{DFF6F0FF-03D8-4172-8C08-81F5919937A9}.RelWithDebInfo|Win32.ActiveCfg = RelWithDebInfo|Win32
		{57A0DFB6-9C9F-4F30-83EF-87E91437648E}.Debug|Win32.ActiveCfg = Debug|Win32
		{57A0DFB6-9C9F-4F30-83EF-87E91437648E}.Debug|Win32.Build.0 = Debug|Win32
		{57A0DFB6-9C9F-4F30-83EF-87E91437648E}.Release|Win32.ActiveCfg = Release|Win32
		{57A0DFB6-9C9F-4F30-83EF-87E91437648E}.Release|Win32.Build.0 = Release|Win32
		{57A0DFB6-9C9F-4F30-83EF-87E91437648E}.MinSizeRel|Win32.ActiveCfg = MinSizeRel|Win32
		{57A0DFB6-9C9F-4F30-83EF-87E91437648E}.MinSizeRel|Win32.Build.0 = MinSizeRel|Win32
		{57A0DFB6-9C9F-4F30-83EF-87E91437648E}.RelWithDebInfo|Win32.ActiveCfg = RelWithDebInfo|Win32
		{57A0DFB6-9C9F-4F30-83EF-87E91437648E}.RelWithDebInfo|Win32.Build.0 = RelWithDebInfo|Win32
		{8989B1A1-789C-4DF0-AC3A-D75FDD59F883}.Debug|Win32.ActiveCfg = Debug|Win32
		{8989B1A1-789C-4DF0-AC3A-D75FDD59F883}.Debug|Win32.Build.0 = Debug|Win32
		{8989B1A1-789C-4DF0-AC3A-D75FDD59F883}.Release|Win32.ActiveCfg = Release|Win32
		{8989B1A1-789C-4DF0-AC3A-D75FDD59F883}.Release|Win32.Build.0 = Release|Win32
		{8989B1A1-789C-4DF0-AC3A-D75FDD59F883}.MinSizeRel|Win32.ActiveCfg = MinSizeRel|Win32
		{8989B1A1-789C-4DF0-AC3A-D75FDD59F883}.MinSizeRel|Win32.Build.0 = MinSizeRel|Win32
		{8989B1A1-789C-4DF0-AC3A-D75FDD59F883}.RelWithDebInfo|Win32.ActiveCfg = RelWithDebInfo|Win32
		{8989B1A1-789C-4DF0-AC3A-D75FDD59F883}.RelWithDebInfo|Win32.Build.0 = RelWithDebInfo|Win32
		{A16E8D04-7FEB-4513-A283-C70FFB545F99}.Debug|Win32.ActiveCfg = Debug|Win32
		{A16E8D04-7FEB-4513-A283-C70FFB545F99}.Debug|Win32.Build.0 = Debug|Win32
		{A16E8D04-7FEB-4513-A283-C70FFB545F99}.Release|Win32.ActiveCfg = Release|Win32
		{A16E8D04-7FEB-4513-A283-C70FFB545F99}.Release|Win32.Build.0 = Release|Win32
		{A16E8D04-7FEB-4513-A283-C70FFB545F99}.MinSizeRel|Win32.ActiveCfg = MinSizeRel|Win32
		{A16E8D04-7FEB-4513-A283-C70FFB545F99}.MinSizeRel|Win32.Build.0 = MinSizeRel|Win32
		{A16E8D04-7FEB-4513-A283-C70FFB545F99}.RelWithDebInfo|Win32.ActiveCfg = RelWithDebInfo|Win32
		{A16E8D04-7FEB-4513-A283-C70FFB545F99}.RelWithDebInfo|Win32.Build.0 = RelWithDebInfo|Win32
		{3D06BCF4-F288-4B19-B80A-226D5B6797AA}.Debug|Win32.ActiveCfg = Debug|Win32
		{3D06BCF4-F288-4B19-B80A-226D5B6797AA}.Debug|Win32.Build.0 = Debug|Win32
		{3D06BCF4-F288-4B19-B80A-226D5B6797AA}.Release|Win32.ActiveCfg = Release|Win32
		{3D06BCF4-F288-4B19-B80A-226D5B6797AA}.Release|Win32.Build.0 = Release|Win32
		{3D06BCF4-F288-4B19-B80A-226D5B6797AA}.MinSizeRel|Win32.ActiveCfg = MinSizeRel|Win32
		{3D06BCF4-F288-4B19-B80A-226D5B6797AA}.MinSizeRel|Win32.Build.0 = MinSizeRel|Win32
		{3D06BCF4-F288-4B19-B80A-226D5B6797AA}.RelWithDebInfo|Win32.ActiveCfg = RelWithDebInfo|Win32
		{3D06BCF4-F288-4B19-B80A-226D5B6797AA}.RelWithDebInfo|Win32.Build.0 = RelWithDebInfo|Win32
		{957AA7BA-C84A-4344-8D5A-2F2A326D128D}.Debug|Win32.ActiveCfg = Debug|Win32
		{957AA7BA-C84A-4344-8D5A-2F2A326D128D}.Debug|Win32.Build.0 = Debug|Win32
		{957AA7BA-C84A-4344-8D5A-2F2A326D128D}.Release|Win32.ActiveCfg = Release|Win32
		{957AA7BA-C84A-4344-8D5A-2F2A326D128D}.Release|Win32.Build.0 = Release|Win32
		{957AA7BA-C84A-4344-8D5A-2F2A326D128D}.MinSizeRel|Win32.ActiveCfg = MinSizeRel|Win32
		{957AA7BA-C84A-4344-8D5A-2F2A326D128D}.MinSizeRel|Win32.Build.0 = MinSizeRel|Win32
		{957AA7BA-C84A-4344-8D5A-2F2A326D128D}.RelWithDebInfo|Win32.ActiveCfg = RelWithDebInfo|Win32
		{957AA7BA-C84A-4344-8D5A-2F2A326D128D}.RelWithDebInfo|Win32.Build.0 = RelWithDebInfo|Win32
		{7D87F952-0B06-4A5C-BC83-466024210D0F}.Debug|Win32.ActiveCfg = Debug|Win32
		{7D87F952-0B06-4A5C-BC83-466024210D0F}.Debug|Win32.Build.0 = Debug|Win32
		{7D87F952-0B06-4A5C-BC83-466024210D0F}.Release|Win32.ActiveCfg = Release|Win32
		{7D87F952-0B06-4A5C-BC83-466024210D0F}.Release|Win32.Build.0 = Release|Win32
		{7D87F952-0B06-4A5C-BC83-466024210D0F}.MinSizeRel|Win32.ActiveCfg = MinSizeRel|Win32
		{7D87F952-0B06-4A5C-BC83-466024210D0F}.MinSizeRel|Win32.Build.0 = MinSizeRel|Win32
		{7D87F952-0B06-4A5C-BC83-466024210D0F}.RelWithDebInfo|Win32.ActiveCfg = RelWithDebInfo|Win32
		{7D87F952-0B06-4A5C-BC83-466024210D0F}.RelWithDebInfo|Win32.Build.0 = RelWithDebInfo|Win32
		{77DEE3BD-3452-4F5A-826F-C314C824C5F5}.Debug|Win32.ActiveCfg = Debug|Win32
		{77DEE3BD-3452-4F5A-826F-C314C824C5F5}.Debug|Win32.Build.0 = Debug|Win32
		{77DEE3BD-3452-4F5A-826F-C314C824C5F5}.Release|Win32.ActiveCfg = Release|Win32
		{77DEE3BD-3452-4F5A-826F-C314C824C5F5}.Release|Win32.Build.0 = Release|Win32
		{77DEE3BD-3452-4F5A-826F-C314C824C5F5}.MinSizeRel|Win32.ActiveCfg = MinSizeRel|Win32
		{77DEE3BD-3452-4F5A-826F-C314C824C5F5}.MinSizeRel|Win32.Build.0 = MinSizeRel|Win32
		{77DEE3BD-3452-4F5A-826F-C314C824C5F5}.RelWithDebInfo|Win32.ActiveCfg = RelWithDebInfo|Win32
		{77DEE3BD-3452-4F5A-826F-C314C824C5F5}.RelWithDebInfo|Win32.Build.0 = RelWithDebInfo|Win32
	EndGlobalSection
	GlobalSection(NestedProjects) = preSolution
		{829DF913-F708-490D-86A4-4C79D8112736} = {E9551671-0A8B-47CF-A41F-874B60232235}
		{DFF6F0FF-03D8-4172-8C08-81F5919937A9} = {E9551671-0A8B-47CF-A41F-874B60232235}
		{57A0DFB6-9C9F-4F30-83EF-87E91437648E} = {E9551671-0A8B-47CF-A41F-874B60232235}
		{8989B1A1-789C-4DF0-AC3A-D75FDD59F883} = {DDB4D260-B6B5-4F96-A0BE-CE808A634844}
		{A16E8D04-7FEB-4513-A283-C70FFB545F99} = {DDB4D260-B6B5-4F96-A0BE-CE808A634844}
		{3D06BCF4-F288-4B19-B80A-226D5B6797AA} = {DDB4D260-B6B5-4F96-A0BE-CE808A634844}
		{957AA7BA-C84A-4344-8D5A-2F2A326D128D} = {DDB4D260-B6B5-4F96-A0BE-CE808A634844}
		{7D87F952-0B06-4A5C-BC83-466024210D0F} = {DDB4D260-B6B5-4F96-A0BE-CE808A634844}
		{77DEE3BD-3452-4F5A-826F-C314C824C5F5} = {19BC6A4B-4DF8-459D-947B-87684A5B2B7E}
	EndGlobalSection
	GlobalSection(ExtensibilityGlobals) = postSolution
	EndGlobalSection
	GlobalSection(ExtensibilityAddIns) = postSolution
	EndGlobalSection
EndGlobal
