<?xml version="1.0" encoding="utf-8"?>
<Project ToolsVersion="12.0" xmlns="http://schemas.microsoft.com/developer/msbuild/2003">
  <ItemGroup>
    <ClCompile Include="..\..\..\..\src\osgEarthDrivers\engine_rex\DrawState.cpp">
      <Filter>Source Files</Filter>
    </ClCompile>
    <ClCompile Include="..\..\..\..\src\osgEarthDrivers\engine_rex\DrawTileCommand.cpp">
      <Filter>Source Files</Filter>
    </ClCompile>
    <ClCompile Include="..\..\..\..\src\osgEarthDrivers\engine_rex\GeometryPool.cpp">
      <Filter>Source Files</Filter>
    </ClCompile>
    <ClCompile Include="..\..\..\..\src\osgEarthDrivers\engine_rex\RexTerrainEngineNode.cpp">
      <Filter>Source Files</Filter>
    </ClCompile>
    <ClCompile Include="..\..\..\..\src\osgEarthDrivers\engine_rex\RexTerrainEngineDriver.cpp">
      <Filter>Source Files</Filter>
    </ClCompile>
    <ClCompile Include="..\..\..\..\src\osgEarthDrivers\engine_rex\LayerDrawable.cpp">
      <Filter>Source Files</Filter>
    </ClCompile>
    <ClCompile Include="..\..\..\..\src\osgEarthDrivers\engine_rex\LoadTileData.cpp">
      <Filter>Source Files</Filter>
    </ClCompile>
    <ClCompile Include="..\..\..\..\src\osgEarthDrivers\engine_rex\MaskGenerator.cpp">
      <Filter>Source Files</Filter>
    </ClCompile>
    <ClCompile Include="..\..\..\..\src\osgEarthDrivers\engine_rex\SelectionInfo.cpp">
      <Filter>Source Files</Filter>
    </ClCompile>
    <ClCompile Include="..\..\..\..\src\osgEarthDrivers\engine_rex\SurfaceNode.cpp">
      <Filter>Source Files</Filter>
    </ClCompile>
    <ClCompile Include="..\..\..\..\src\osgEarthDrivers\engine_rex\TerrainCuller.cpp">
      <Filter>Source Files</Filter>
    </ClCompile>
    <ClCompile Include="..\..\..\..\src\osgEarthDrivers\engine_rex\TerrainRenderData.cpp">
      <Filter>Source Files</Filter>
    </ClCompile>
    <ClCompile Include="..\..\..\..\src\osgEarthDrivers\engine_rex\TileDrawable.cpp">
      <Filter>Source Files</Filter>
    </ClCompile>
    <ClCompile Include="..\..\..\..\src\osgEarthDrivers\engine_rex\EngineContext.cpp">
      <Filter>Source Files</Filter>
    </ClCompile>
    <ClCompile Include="..\..\..\..\src\osgEarthDrivers\engine_rex\TileNode.cpp">
      <Filter>Source Files</Filter>
    </ClCompile>
    <ClCompile Include="..\..\..\..\src\osgEarthDrivers\engine_rex\TileNodeRegistry.cpp">
      <Filter>Source Files</Filter>
    </ClCompile>
    <ClCompile Include="..\..\..\..\src\osgEarthDrivers\engine_rex\Loader.cpp">
      <Filter>Source Files</Filter>
    </ClCompile>
    <ClCompile Include="..\..\..\..\src\osgEarthDrivers\engine_rex\Unloader.cpp">
      <Filter>Source Files</Filter>
    </ClCompile>
    <ClCompile Include="AutoGenShaders.cpp">
      <Filter>Source Files</Filter>
    </ClCompile>
  </ItemGroup>
  <ItemGroup>
    <ClInclude Include="..\..\..\..\src\osgEarthDrivers\engine_rex\Shaders.cpp.in">
      <Filter>Template Files</Filter>
    </ClInclude>
  </ItemGroup>
  <ItemGroup>
    <CustomBuild Include="..\..\..\CMakeFiles\2d34dbc5271086961de4d01cf571bab4\AutoGenShaders.cpp.rule">
      <Filter>CMake Rules</Filter>
    </CustomBuild>
  </ItemGroup>
  <ItemGroup>
    <None Include="..\..\..\..\src\osgEarthDrivers\engine_rex\Common">
      <Filter>Header Files</Filter>
    </None>
    <None Include="..\..\..\..\src\osgEarthDrivers\engine_rex\DrawState">
      <Filter>Header Files</Filter>
    </None>
    <None Include="..\..\..\..\src\osgEarthDrivers\engine_rex\DrawTileCommand">
      <Filter>Header Files</Filter>
    </None>
    <None Include="..\..\..\..\src\osgEarthDrivers\engine_rex\GeometryPool">
      <Filter>Header Files</Filter>
    </None>
    <None Include="..\..\..\..\src\osgEarthDrivers\engine_rex\Shaders">
      <Filter>Header Files</Filter>
    </None>
    <None Include="..\..\..\..\src\osgEarthDrivers\engine_rex\RexTerrainEngineNode">
      <Filter>Header Files</Filter>
    </None>
    <None Include="..\..\..\..\src\osgEarthDrivers\engine_rex\RexTerrainEngineOptions">
      <Filter>Header Files</Filter>
    </None>
    <None Include="..\..\..\..\src\osgEarthDrivers\engine_rex\LayerDrawable">
      <Filter>Header Files</Filter>
    </None>
    <None Include="..\..\..\..\src\osgEarthDrivers\engine_rex\LoadTileData">
      <Filter>Header Files</Filter>
    </None>
    <None Include="..\..\..\..\src\osgEarthDrivers\engine_rex\MaskGenerator">
      <Filter>Header Files</Filter>
    </None>
    <None Include="..\..\..\..\src\osgEarthDrivers\engine_rex\RenderBindings">
      <Filter>Header Files</Filter>
    </None>
    <None Include="..\..\..\..\src\osgEarthDrivers\engine_rex\SurfaceNode">
      <Filter>Header Files</Filter>
    </None>
    <None Include="..\..\..\..\src\osgEarthDrivers\engine_rex\TerrainCuller">
      <Filter>Header Files</Filter>
    </None>
    <None Include="..\..\..\..\src\osgEarthDrivers\engine_rex\TerrainRenderData">
      <Filter>Header Files</Filter>
    </None>
    <None Include="..\..\..\..\src\osgEarthDrivers\engine_rex\TileDrawable">
      <Filter>Header Files</Filter>
    </None>
    <None Include="..\..\..\..\src\osgEarthDrivers\engine_rex\TileRenderModel">
      <Filter>Header Files</Filter>
    </None>
    <None Include="..\..\..\..\src\osgEarthDrivers\engine_rex\EngineContext">
      <Filter>Header Files</Filter>
    </None>
    <None Include="..\..\..\..\src\osgEarthDrivers\engine_rex\TileNode">
      <Filter>Header Files</Filter>
    </None>
    <None Include="..\..\..\..\src\osgEarthDrivers\engine_rex\TileNodeRegistry">
      <Filter>Header Files</Filter>
    </None>
    <None Include="..\..\..\..\src\osgEarthDrivers\engine_rex\Loader">
      <Filter>Header Files</Filter>
    </None>
    <None Include="..\..\..\..\src\osgEarthDrivers\engine_rex\Unloader">
      <Filter>Header Files</Filter>
    </None>
    <None Include="..\..\..\..\src\osgEarthDrivers\engine_rex\SelectionInfo">
      <Filter>Header Files</Filter>
    </None>
    <None Include="..\..\..\..\src\osgEarthDrivers\engine_rex\RexEngine.vert.glsl">
      <Filter>Shader Files</Filter>
    </None>
    <None Include="..\..\..\..\src\osgEarthDrivers\engine_rex\RexEngine.elevation.glsl">
      <Filter>Shader Files</Filter>
    </None>
    <None Include="..\..\..\..\src\osgEarthDrivers\engine_rex\RexEngine.vert.view.glsl">
      <Filter>Shader Files</Filter>
    </None>
    <None Include="..\..\..\..\src\osgEarthDrivers\engine_rex\RexEngine.tcs.glsl">
      <Filter>Shader Files</Filter>
    </None>
    <None Include="..\..\..\..\src\osgEarthDrivers\engine_rex\RexEngine.tes.glsl">
      <Filter>Shader Files</Filter>
    </None>
    <None Include="..\..\..\..\src\osgEarthDrivers\engine_rex\RexEngine.gs.glsl">
      <Filter>Shader Files</Filter>
    </None>
    <None Include="..\..\..\..\src\osgEarthDrivers\engine_rex\RexEngine.frag.glsl">
      <Filter>Shader Files</Filter>
    </None>
    <None Include="..\..\..\..\src\osgEarthDrivers\engine_rex\RexEngine.NormalMap.vert.glsl">
      <Filter>Shader Files</Filter>
    </None>
    <None Include="..\..\..\..\src\osgEarthDrivers\engine_rex\RexEngine.NormalMap.frag.glsl">
      <Filter>Shader Files</Filter>
    </None>
    <None Include="..\..\..\..\src\osgEarthDrivers\engine_rex\RexEngine.Morphing.vert.glsl">
      <Filter>Shader Files</Filter>
    </None>
    <None Include="..\..\..\..\src\osgEarthDrivers\engine_rex\RexEngine.SDK.vert.glsl">
      <Filter>Shader Files</Filter>
    </None>
  </ItemGroup>
  <ItemGroup>
    <Filter Include="Source Files">
      <UniqueIdentifier>{86740A42-CF3F-43B9-9406-84B8736FF257}</UniqueIdentifier>
    </Filter>
    <Filter Include="Header Files">
      <UniqueIdentifier>{7DEE5E93-D91A-41D6-8D84-83640ED9C8AA}</UniqueIdentifier>
    </Filter>
    <Filter Include="CMake Rules">
      <UniqueIdentifier>{29A7D7F3-1EC4-47B7-9E91-DA70BFE5A8C8}</UniqueIdentifier>
    </Filter>
    <Filter Include="Shader Files">
      <UniqueIdentifier>{1074CA2C-2839-46AD-B076-942FA3B8172B}</UniqueIdentifier>
    </Filter>
    <Filter Include="Template Files">
      <UniqueIdentifier>{DEDBCED1-92BD-470E-818E-09E60B0DB936}</UniqueIdentifier>
    </Filter>
  </ItemGroup>
</Project>