<?xml version="1.0" encoding="utf-8"?>
<Project ToolsVersion="12.0" xmlns="http://schemas.microsoft.com/developer/msbuild/2003">
  <ItemGroup>
    <CustomBuild Include="..\..\..\CMakeFiles\fecccedd2a33e942984de56e7a90ab65\PACKAGE_force.rule">
      <Filter>CMake Rules</Filter>
    </CustomBuild>
  </ItemGroup>
  <ItemGroup>
    <Filter Include="CMake Rules">
      <UniqueIdentifier>{29A7D7F3-1EC4-47B7-9E91-DA70BFE5A8C8}</UniqueIdentifier>
    </Filter>
  </ItemGroup>
</Project>
